PODS:
  - ActionSheetPicker-3.0 (2.7.1)
  - ReadMoreTextView (3.0.1)

DEPENDENCIES:
  - ActionSheetPicker-3.0
  - ReadMoreTextView

SPEC REPOS:
  trunk:
    - ActionSheetPicker-3.0
    - ReadMoreTextView

SPEC CHECKSUMS:
  ActionSheetPicker-3.0: 36da254b97a09ff89679ecb8b8510bd3e5bdc773
  ReadMoreTextView: 19147adf93abce6d7271e14031a00303fe28720d

PODFILE CHECKSUM: 984cee415d3304b73b21cf076b2bde5c30fea5aa

COCOAPODS: 1.10.1
